
Microsoft Visual Studio Solution File, Format Version 12.00
# Visual Studio Version 17
VisualStudioVersion = 17.5.001.0
MinimumVisualStudioVersion = 10.0.40219.1
Project("{9A19103F-16F7-4668-BE54-9A1E7A4F7556}") = "AdaptiveCardsBot", "AdaptiveCardsBot.csproj", "{49BED8F8-69EC-4016-A9F3-BFDB5C2A96D5}"
EndProject
Global
	GlobalSection(SolutionConfigurationPlatforms) = preSolution
		Debug|Any CPU = Debug|Any CPU
		Release|Any CPU = Release|Any CPU
	EndGlobalSection
	GlobalSection(ProjectConfigurationPlatforms) = postSolution
		{49BED8F8-69EC-4016-A9F3-BFDB5C2A96D5}.Debug|Any CPU.ActiveCfg = Debug|Any CPU
		{49BED8F8-69EC-4016-A9F3-BFDB5C2A96D5}.Debug|Any CPU.Build.0 = Debug|Any CPU
		{49BED8F8-69EC-4016-A9F3-BFDB5C2A96D5}.Release|Any CPU.ActiveCfg = Release|Any CPU
		{49BED8F8-69EC-4016-A9F3-BFDB5C2A96D5}.Release|Any CPU.Build.0 = Release|Any CPU
	EndGlobalSection
	GlobalSection(SolutionProperties) = preSolution
		HideSolutionNode = FALSE
	EndGlobalSection
	GlobalSection(ExtensibilityGlobals) = postSolution
		SolutionGuid = {0AF97517-9ADA-415C-99DA-A7A7A0A5B725}
	EndGlobalSection
EndGlobal
